
Microsoft Visual Studio Solution File, Format Version 11.00
# Visual Studio 2010
Project("{8BC9CEB8-8B4A-11D0-8D11-00A0C91BC942}") = "backtrace", "backtrace.vcxproj", "{5EDB8CF5-4F0A-4B6B-8F51-6709CDE8B1E3}"
EndProject
Global
	GlobalSection(SolutionConfigurationPlatforms) = preSolution
		Debug|Win32 = Debug|Win32
		Debug|x64 = Debug|x64
		Release|Win32 = Release|Win32
		Release|x64 = Release|x64
	EndGlobalSection
	GlobalSection(ProjectConfigurationPlatforms) = postSolution
		{5EDB8CF5-4F0A-4B6B-8F51-6709CDE8B1E3}.Debug|Win32.ActiveCfg = Debug|Win32
		{5EDB8CF5-4F0A-4B6B-8F51-6709CDE8B1E3}.Debug|Win32.Build.0 = Debug|Win32
		{5EDB8CF5-4F0A-4B6B-8F51-6709CDE8B1E3}.Debug|x64.ActiveCfg = Debug|x64
		{5EDB8CF5-4F0A-4B6B-8F51-6709CDE8B1E3}.Debug|x64.Build.0 = Debug|x64
		{5EDB8CF5-4F0A-4B6B-8F51-6709CDE8B1E3}.Release|Win32.ActiveCfg = Release|Win32
		{5EDB8CF5-4F0A-4B6B-8F51-6709CDE8B1E3}.Release|Win32.Build.0 = Release|Win32
		{5EDB8CF5-4F0A-4B6B-8F51-6709CDE8B1E3}.Release|x64.ActiveCfg = Release|x64
		{5EDB8CF5-4F0A-4B6B-8F51-6709CDE8B1E3}.Release|x64.Build.0 = Release|x64
	EndGlobalSection
	GlobalSection(SolutionProperties) = preSolution
		HideSolutionNode = FALSE
	EndGlobalSection
EndGlobal
